
Microsoft Visual Studio Solution File, Format Version 12.00
# Visual Studio Version 17
VisualStudioVersion = 17.9.34728.123
MinimumVisualStudioVersion = 10.0.40219.1
Project("{FAE04EC0-301F-11D3-BF4B-00C04F79EFBC}") = "StudentRegistrationFormjQueryAjax", "StudentRegistrationFormjQueryAjax.csproj", "{C1CA5EEB-8D49-41B7-BB81-669EF8A2049F}"
EndProject
Global
	GlobalSection(SolutionConfigurationPlatforms) = preSolution
		Debug|Any CPU = Debug|Any CPU
		Release|Any CPU = Release|Any CPU
	EndGlobalSection
	GlobalSection(ProjectConfigurationPlatforms) = postSolution
		{C1CA5EEB-8D49-41B7-BB81-669EF8A2049F}.Debug|Any CPU.ActiveCfg = Debug|Any CPU
		{C1CA5EEB-8D49-41B7-BB81-669EF8A2049F}.Debug|Any CPU.Build.0 = Debug|Any CPU
		{C1CA5EEB-8D49-41B7-BB81-669EF8A2049F}.Release|Any CPU.ActiveCfg = Release|Any CPU
		{C1CA5EEB-8D49-41B7-BB81-669EF8A2049F}.Release|Any CPU.Build.0 = Release|Any CPU
	EndGlobalSection
	GlobalSection(SolutionProperties) = preSolution
		HideSolutionNode = FALSE
	EndGlobalSection
	GlobalSection(ExtensibilityGlobals) = postSolution
		SolutionGuid = {8C8A3C97-197D-42F2-B101-D1574B48E3D8}
	EndGlobalSection
EndGlobal
